
Microsoft Visual Studio Solution File, Format Version 12.00
# Visual Studio 15
Project("{FAE04EC0-301F-11D3-BF4B-00C04F79EFBC}") = "Assembly-CSharp", "Assembly-CSharp.csproj", "{EB72A905-92E7-E54F-A0CC-FFBAC314C1BB}"
EndProject
Project("{FAE04EC0-301F-11D3-BF4B-00C04F79EFBC}") = "Assembly-CSharp-firstpass", "Assembly-CSharp-firstpass.csproj", "{89D26DFF-08C1-AFAA-9121-6077109139B4}"
EndProject
Project("{FAE04EC0-301F-11D3-BF4B-00C04F79EFBC}") = "Assembly-CSharp-Editor-firstpass", "Assembly-CSharp-Editor-firstpass.csproj", "{B314326D-672E-92C9-8130-C70742778BB2}"
EndProject
Global
	GlobalSection(SolutionConfigurationPlatforms) = preSolution
		Debug|Any CPU = Debug|Any CPU
		Release|Any CPU = Release|Any CPU
	EndGlobalSection
	GlobalSection(ProjectConfigurationPlatforms) = postSolution
		{EB72A905-92E7-E54F-A0CC-FFBAC314C1BB}.Debug|Any CPU.ActiveCfg = Debug|Any CPU
		{EB72A905-92E7-E54F-A0CC-FFBAC314C1BB}.Debug|Any CPU.Build.0 = Debug|Any CPU
		{EB72A905-92E7-E54F-A0CC-FFBAC314C1BB}.Release|Any CPU.ActiveCfg = Release|Any CPU
		{EB72A905-92E7-E54F-A0CC-FFBAC314C1BB}.Release|Any CPU.Build.0 = Release|Any CPU
		{89D26DFF-08C1-AFAA-9121-6077109139B4}.Debug|Any CPU.ActiveCfg = Debug|Any CPU
		{89D26DFF-08C1-AFAA-9121-6077109139B4}.Debug|Any CPU.Build.0 = Debug|Any CPU
		{89D26DFF-08C1-AFAA-9121-6077109139B4}.Release|Any CPU.ActiveCfg = Release|Any CPU
		{89D26DFF-08C1-AFAA-9121-6077109139B4}.Release|Any CPU.Build.0 = Release|Any CPU
		{B314326D-672E-92C9-8130-C70742778BB2}.Debug|Any CPU.ActiveCfg = Debug|Any CPU
		{B314326D-672E-92C9-8130-C70742778BB2}.Debug|Any CPU.Build.0 = Debug|Any CPU
		{B314326D-672E-92C9-8130-C70742778BB2}.Release|Any CPU.ActiveCfg = Release|Any CPU
		{B314326D-672E-92C9-8130-C70742778BB2}.Release|Any CPU.Build.0 = Release|Any CPU
	EndGlobalSection
	GlobalSection(SolutionProperties) = preSolution
		HideSolutionNode = FALSE
	EndGlobalSection
EndGlobal
